{
    "requires": true,
    "lockfileVersion": 1,
    "dependencies": {
        "fullcalendar": {
            "version": "5.3.2",
            "resolved": "https://registry.npmjs.org/fullcalendar/-/fullcalendar-5.3.2.tgz",
            "integrity": "sha512-yoNPnz51so+nWV+Ge/X1NECsTy+viP6nhHgRql5U3WvV7XL09yDIWXSCcuEaU4C/0ZmpUApgZ+e7wvWB0TYwRA=="
        }
    }
}
